
Microsoft Visual Studio Solution File, Format Version 12.00
# Visual Studio 14
VisualStudioVersion = 14.0.25420.1
MinimumVisualStudioVersion = 10.0.40219.1
Project("{FAE04EC0-301F-11D3-BF4B-00C04F79EFBC}") = "PlayOnCloud.Droid", "PlayOnCloud\PlayOnCloud.Droid\PlayOnCloud.Droid.csproj", "{AF9153D6-D0CC-49CC-9ECB-0E81DD9C619C}"
EndProject
Project("{FAE04EC0-301F-11D3-BF4B-00C04F79EFBC}") = "PlayOnCloud.iOS", "PlayOnCloud\PlayOnCloud.iOS\PlayOnCloud.iOS.csproj", "{225D9C58-8448-4679-B913-5B2B9AA5610D}"
	ProjectSection(ProjectDependencies) = postProject
		{A1453CDF-52CC-4011-B68B-A903172A8DDE} = {A1453CDF-52CC-4011-B68B-A903172A8DDE}
	EndProjectSection
EndProject
Project("{FAE04EC0-301F-11D3-BF4B-00C04F79EFBC}") = "PlayOnCloud.WinPhone", "PlayOnCloud\PlayOnCloud.WinPhone\PlayOnCloud.WinPhone.csproj", "{766ADA25-CDB0-4D50-9CC9-8D3043AA1316}"
EndProject
Project("{FAE04EC0-301F-11D3-BF4B-00C04F79EFBC}") = "PlayOnCloud", "PlayOnCloud\PlayOnCloud\PlayOnCloud.csproj", "{A1453CDF-52CC-4011-B68B-A903172A8DDE}"
EndProject
Project("{D954291E-2A0B-460D-934E-DC6B0785DB48}") = "Cloud.ClientShared", "..\Cloud.ClientShared\Cloud.ClientShared.shproj", "{EC46AF30-D27A-49AB-82F2-22EC94924790}"
EndProject
Project("{FAE04EC0-301F-11D3-BF4B-00C04F79EFBC}") = "FBNotificationsBindings.iOS", "bindings\FBNotificationsBindings.iOS\FBNotificationsBindings.iOS.csproj", "{233CA748-1701-47EB-B5E6-87E8E495122A}"
EndProject
Global
	GlobalSection(SharedMSBuildProjectFiles) = preSolution
		..\Cloud.ClientShared\Cloud.ClientShared.projitems*{a1453cdf-52cc-4011-b68b-a903172a8dde}*SharedItemsImports = 4
		..\Cloud.ClientShared\Cloud.ClientShared.projitems*{ec46af30-d27a-49ab-82f2-22ec94924790}*SharedItemsImports = 13
	EndGlobalSection
	GlobalSection(SolutionConfigurationPlatforms) = preSolution
		Ad-Hoc|Any CPU = Ad-Hoc|Any CPU
		Ad-Hoc|ARM = Ad-Hoc|ARM
		Ad-Hoc|iPhone = Ad-Hoc|iPhone
		Ad-Hoc|iPhoneSimulator = Ad-Hoc|iPhoneSimulator
		Ad-Hoc|Mixed Platforms = Ad-Hoc|Mixed Platforms
		Ad-Hoc|x64 = Ad-Hoc|x64
		Ad-Hoc|x86 = Ad-Hoc|x86
		AppStore|Any CPU = AppStore|Any CPU
		AppStore|ARM = AppStore|ARM
		AppStore|iPhone = AppStore|iPhone
		AppStore|iPhoneSimulator = AppStore|iPhoneSimulator
		AppStore|Mixed Platforms = AppStore|Mixed Platforms
		AppStore|x64 = AppStore|x64
		AppStore|x86 = AppStore|x86
		Debug|Any CPU = Debug|Any CPU
		Debug|ARM = Debug|ARM
		Debug|iPhone = Debug|iPhone
		Debug|iPhoneSimulator = Debug|iPhoneSimulator
		Debug|Mixed Platforms = Debug|Mixed Platforms
		Debug|x64 = Debug|x64
		Debug|x86 = Debug|x86
		Release|Any CPU = Release|Any CPU
		Release|ARM = Release|ARM
		Release|iPhone = Release|iPhone
		Release|iPhoneSimulator = Release|iPhoneSimulator
		Release|Mixed Platforms = Release|Mixed Platforms
		Release|x64 = Release|x64
		Release|x86 = Release|x86
		Windows Debug|Any CPU = Windows Debug|Any CPU
		Windows Debug|ARM = Windows Debug|ARM
		Windows Debug|iPhone = Windows Debug|iPhone
		Windows Debug|iPhoneSimulator = Windows Debug|iPhoneSimulator
		Windows Debug|Mixed Platforms = Windows Debug|Mixed Platforms
		Windows Debug|x64 = Windows Debug|x64
		Windows Debug|x86 = Windows Debug|x86
		Windows Release|Any CPU = Windows Release|Any CPU
		Windows Release|ARM = Windows Release|ARM
		Windows Release|iPhone = Windows Release|iPhone
		Windows Release|iPhoneSimulator = Windows Release|iPhoneSimulator
		Windows Release|Mixed Platforms = Windows Release|Mixed Platforms
		Windows Release|x64 = Windows Release|x64
		Windows Release|x86 = Windows Release|x86
	EndGlobalSection
	GlobalSection(ProjectConfigurationPlatforms) = postSolution
		{AF9153D6-D0CC-49CC-9ECB-0E81DD9C619C}.Ad-Hoc|Any CPU.ActiveCfg = Release|Any CPU
		{AF9153D6-D0CC-49CC-9ECB-0E81DD9C619C}.Ad-Hoc|Any CPU.Build.0 = Release|Any CPU
		{AF9153D6-D0CC-49CC-9ECB-0E81DD9C619C}.Ad-Hoc|Any CPU.Deploy.0 = Release|Any CPU
		{AF9153D6-D0CC-49CC-9ECB-0E81DD9C619C}.Ad-Hoc|ARM.ActiveCfg = Release|Any CPU
		{AF9153D6-D0CC-49CC-9ECB-0E81DD9C619C}.Ad-Hoc|iPhone.ActiveCfg = Release|Any CPU
		{AF9153D6-D0CC-49CC-9ECB-0E81DD9C619C}.Ad-Hoc|iPhoneSimulator.ActiveCfg = Release|Any CPU
		{AF9153D6-D0CC-49CC-9ECB-0E81DD9C619C}.Ad-Hoc|Mixed Platforms.ActiveCfg = Release|Any CPU
		{AF9153D6-D0CC-49CC-9ECB-0E81DD9C619C}.Ad-Hoc|Mixed Platforms.Build.0 = Release|Any CPU
		{AF9153D6-D0CC-49CC-9ECB-0E81DD9C619C}.Ad-Hoc|Mixed Platforms.Deploy.0 = Release|Any CPU
		{AF9153D6-D0CC-49CC-9ECB-0E81DD9C619C}.Ad-Hoc|x64.ActiveCfg = Debug|Any CPU
		{AF9153D6-D0CC-49CC-9ECB-0E81DD9C619C}.Ad-Hoc|x86.ActiveCfg = Release|Any CPU
		{AF9153D6-D0CC-49CC-9ECB-0E81DD9C619C}.AppStore|Any CPU.ActiveCfg = Release|Any CPU
		{AF9153D6-D0CC-49CC-9ECB-0E81DD9C619C}.AppStore|Any CPU.Build.0 = Release|Any CPU
		{AF9153D6-D0CC-49CC-9ECB-0E81DD9C619C}.AppStore|Any CPU.Deploy.0 = Release|Any CPU
		{AF9153D6-D0CC-49CC-9ECB-0E81DD9C619C}.AppStore|ARM.ActiveCfg = Release|Any CPU
		{AF9153D6-D0CC-49CC-9ECB-0E81DD9C619C}.AppStore|iPhone.ActiveCfg = Release|Any CPU
		{AF9153D6-D0CC-49CC-9ECB-0E81DD9C619C}.AppStore|iPhoneSimulator.ActiveCfg = Release|Any CPU
		{AF9153D6-D0CC-49CC-9ECB-0E81DD9C619C}.AppStore|Mixed Platforms.ActiveCfg = Release|Any CPU
		{AF9153D6-D0CC-49CC-9ECB-0E81DD9C619C}.AppStore|Mixed Platforms.Build.0 = Release|Any CPU
		{AF9153D6-D0CC-49CC-9ECB-0E81DD9C619C}.AppStore|Mixed Platforms.Deploy.0 = Release|Any CPU
		{AF9153D6-D0CC-49CC-9ECB-0E81DD9C619C}.AppStore|x64.ActiveCfg = Debug|Any CPU
		{AF9153D6-D0CC-49CC-9ECB-0E81DD9C619C}.AppStore|x86.ActiveCfg = Release|Any CPU
		{AF9153D6-D0CC-49CC-9ECB-0E81DD9C619C}.Debug|Any CPU.ActiveCfg = Debug|Any CPU
		{AF9153D6-D0CC-49CC-9ECB-0E81DD9C619C}.Debug|Any CPU.Build.0 = Debug|Any CPU
		{AF9153D6-D0CC-49CC-9ECB-0E81DD9C619C}.Debug|Any CPU.Deploy.0 = Debug|Any CPU
		{AF9153D6-D0CC-49CC-9ECB-0E81DD9C619C}.Debug|ARM.ActiveCfg = Debug|Any CPU
		{AF9153D6-D0CC-49CC-9ECB-0E81DD9C619C}.Debug|iPhone.ActiveCfg = Debug|Any CPU
		{AF9153D6-D0CC-49CC-9ECB-0E81DD9C619C}.Debug|iPhoneSimulator.ActiveCfg = Debug|Any CPU
		{AF9153D6-D0CC-49CC-9ECB-0E81DD9C619C}.Debug|Mixed Platforms.ActiveCfg = Debug|Any CPU
		{AF9153D6-D0CC-49CC-9ECB-0E81DD9C619C}.Debug|Mixed Platforms.Build.0 = Debug|Any CPU
		{AF9153D6-D0CC-49CC-9ECB-0E81DD9C619C}.Debug|Mixed Platforms.Deploy.0 = Debug|Any CPU
		{AF9153D6-D0CC-49CC-9ECB-0E81DD9C619C}.Debug|x64.ActiveCfg = Debug|Any CPU
		{AF9153D6-D0CC-49CC-9ECB-0E81DD9C619C}.Debug|x86.ActiveCfg = Debug|Any CPU
		{AF9153D6-D0CC-49CC-9ECB-0E81DD9C619C}.Release|Any CPU.ActiveCfg = Release|Any CPU
		{AF9153D6-D0CC-49CC-9ECB-0E81DD9C619C}.Release|Any CPU.Build.0 = Release|Any CPU
		{AF9153D6-D0CC-49CC-9ECB-0E81DD9C619C}.Release|Any CPU.Deploy.0 = Release|Any CPU
		{AF9153D6-D0CC-49CC-9ECB-0E81DD9C619C}.Release|ARM.ActiveCfg = Release|Any CPU
		{AF9153D6-D0CC-49CC-9ECB-0E81DD9C619C}.Release|iPhone.ActiveCfg = Release|Any CPU
		{AF9153D6-D0CC-49CC-9ECB-0E81DD9C619C}.Release|iPhoneSimulator.ActiveCfg = Release|Any CPU
		{AF9153D6-D0CC-49CC-9ECB-0E81DD9C619C}.Release|Mixed Platforms.ActiveCfg = Release|Any CPU
		{AF9153D6-D0CC-49CC-9ECB-0E81DD9C619C}.Release|Mixed Platforms.Build.0 = Release|Any CPU
		{AF9153D6-D0CC-49CC-9ECB-0E81DD9C619C}.Release|Mixed Platforms.Deploy.0 = Release|Any CPU
		{AF9153D6-D0CC-49CC-9ECB-0E81DD9C619C}.Release|x64.ActiveCfg = Release|Any CPU
		{AF9153D6-D0CC-49CC-9ECB-0E81DD9C619C}.Release|x86.ActiveCfg = Release|Any CPU
		{AF9153D6-D0CC-49CC-9ECB-0E81DD9C619C}.Windows Debug|Any CPU.ActiveCfg = Debug|Any CPU
		{AF9153D6-D0CC-49CC-9ECB-0E81DD9C619C}.Windows Debug|ARM.ActiveCfg = Debug|Any CPU
		{AF9153D6-D0CC-49CC-9ECB-0E81DD9C619C}.Windows Debug|iPhone.ActiveCfg = Debug|Any CPU
		{AF9153D6-D0CC-49CC-9ECB-0E81DD9C619C}.Windows Debug|iPhoneSimulator.ActiveCfg = Debug|Any CPU
		{AF9153D6-D0CC-49CC-9ECB-0E81DD9C619C}.Windows Debug|Mixed Platforms.ActiveCfg = Debug|Any CPU
		{AF9153D6-D0CC-49CC-9ECB-0E81DD9C619C}.Windows Debug|x64.ActiveCfg = Debug|Any CPU
		{AF9153D6-D0CC-49CC-9ECB-0E81DD9C619C}.Windows Debug|x86.ActiveCfg = Debug|Any CPU
		{AF9153D6-D0CC-49CC-9ECB-0E81DD9C619C}.Windows Release|Any CPU.ActiveCfg = Release|Any CPU
		{AF9153D6-D0CC-49CC-9ECB-0E81DD9C619C}.Windows Release|ARM.ActiveCfg = Release|Any CPU
		{AF9153D6-D0CC-49CC-9ECB-0E81DD9C619C}.Windows Release|iPhone.ActiveCfg = Release|Any CPU
		{AF9153D6-D0CC-49CC-9ECB-0E81DD9C619C}.Windows Release|iPhoneSimulator.ActiveCfg = Release|Any CPU
		{AF9153D6-D0CC-49CC-9ECB-0E81DD9C619C}.Windows Release|Mixed Platforms.ActiveCfg = Release|Any CPU
		{AF9153D6-D0CC-49CC-9ECB-0E81DD9C619C}.Windows Release|x64.ActiveCfg = Release|Any CPU
		{AF9153D6-D0CC-49CC-9ECB-0E81DD9C619C}.Windows Release|x86.ActiveCfg = Release|Any CPU
		{225D9C58-8448-4679-B913-5B2B9AA5610D}.Ad-Hoc|Any CPU.ActiveCfg = Ad-Hoc|iPhone
		{225D9C58-8448-4679-B913-5B2B9AA5610D}.Ad-Hoc|ARM.ActiveCfg = Ad-Hoc|iPhone
		{225D9C58-8448-4679-B913-5B2B9AA5610D}.Ad-Hoc|iPhone.ActiveCfg = Ad-Hoc|iPhone
		{225D9C58-8448-4679-B913-5B2B9AA5610D}.Ad-Hoc|iPhone.Build.0 = Ad-Hoc|iPhone
		{225D9C58-8448-4679-B913-5B2B9AA5610D}.Ad-Hoc|iPhoneSimulator.ActiveCfg = Ad-Hoc|iPhoneSimulator
		{225D9C58-8448-4679-B913-5B2B9AA5610D}.Ad-Hoc|iPhoneSimulator.Build.0 = Ad-Hoc|iPhoneSimulator
		{225D9C58-8448-4679-B913-5B2B9AA5610D}.Ad-Hoc|Mixed Platforms.ActiveCfg = Ad-Hoc|iPhone
		{225D9C58-8448-4679-B913-5B2B9AA5610D}.Ad-Hoc|Mixed Platforms.Build.0 = Ad-Hoc|iPhone
		{225D9C58-8448-4679-B913-5B2B9AA5610D}.Ad-Hoc|x64.ActiveCfg = Ad-Hoc|iPhoneSimulator
		{225D9C58-8448-4679-B913-5B2B9AA5610D}.Ad-Hoc|x86.ActiveCfg = Ad-Hoc|iPhone
		{225D9C58-8448-4679-B913-5B2B9AA5610D}.AppStore|Any CPU.ActiveCfg = AppStore|iPhone
		{225D9C58-8448-4679-B913-5B2B9AA5610D}.AppStore|ARM.ActiveCfg = AppStore|iPhone
		{225D9C58-8448-4679-B913-5B2B9AA5610D}.AppStore|iPhone.ActiveCfg = AppStore|iPhone
		{225D9C58-8448-4679-B913-5B2B9AA5610D}.AppStore|iPhone.Build.0 = AppStore|iPhone
		{225D9C58-8448-4679-B913-5B2B9AA5610D}.AppStore|iPhoneSimulator.ActiveCfg = AppStore|iPhoneSimulator
		{225D9C58-8448-4679-B913-5B2B9AA5610D}.AppStore|iPhoneSimulator.Build.0 = AppStore|iPhoneSimulator
		{225D9C58-8448-4679-B913-5B2B9AA5610D}.AppStore|Mixed Platforms.ActiveCfg = AppStore|iPhone
		{225D9C58-8448-4679-B913-5B2B9AA5610D}.AppStore|Mixed Platforms.Build.0 = AppStore|iPhone
		{225D9C58-8448-4679-B913-5B2B9AA5610D}.AppStore|x64.ActiveCfg = AppStore|iPhoneSimulator
		{225D9C58-8448-4679-B913-5B2B9AA5610D}.AppStore|x86.ActiveCfg = AppStore|iPhone
		{225D9C58-8448-4679-B913-5B2B9AA5610D}.Debug|Any CPU.ActiveCfg = Debug|iPhone
		{225D9C58-8448-4679-B913-5B2B9AA5610D}.Debug|ARM.ActiveCfg = Debug|iPhone
		{225D9C58-8448-4679-B913-5B2B9AA5610D}.Debug|iPhone.ActiveCfg = Debug|iPhone
		{225D9C58-8448-4679-B913-5B2B9AA5610D}.Debug|iPhone.Build.0 = Debug|iPhone
		{225D9C58-8448-4679-B913-5B2B9AA5610D}.Debug|iPhoneSimulator.ActiveCfg = Debug|iPhoneSimulator
		{225D9C58-8448-4679-B913-5B2B9AA5610D}.Debug|iPhoneSimulator.Build.0 = Debug|iPhoneSimulator
		{225D9C58-8448-4679-B913-5B2B9AA5610D}.Debug|Mixed Platforms.ActiveCfg = Debug|iPhone
		{225D9C58-8448-4679-B913-5B2B9AA5610D}.Debug|Mixed Platforms.Build.0 = Debug|iPhone
		{225D9C58-8448-4679-B913-5B2B9AA5610D}.Debug|x64.ActiveCfg = Debug|iPhoneSimulator
		{225D9C58-8448-4679-B913-5B2B9AA5610D}.Debug|x86.ActiveCfg = Debug|iPhone
		{225D9C58-8448-4679-B913-5B2B9AA5610D}.Release|Any CPU.ActiveCfg = Release|iPhone
		{225D9C58-8448-4679-B913-5B2B9AA5610D}.Release|ARM.ActiveCfg = Release|iPhone
		{225D9C58-8448-4679-B913-5B2B9AA5610D}.Release|iPhone.ActiveCfg = Release|iPhone
		{225D9C58-8448-4679-B913-5B2B9AA5610D}.Release|iPhone.Build.0 = Release|iPhone
		{225D9C58-8448-4679-B913-5B2B9AA5610D}.Release|iPhoneSimulator.ActiveCfg = Release|iPhoneSimulator
		{225D9C58-8448-4679-B913-5B2B9AA5610D}.Release|iPhoneSimulator.Build.0 = Release|iPhoneSimulator
		{225D9C58-8448-4679-B913-5B2B9AA5610D}.Release|Mixed Platforms.ActiveCfg = Release|iPhone
		{225D9C58-8448-4679-B913-5B2B9AA5610D}.Release|Mixed Platforms.Build.0 = Release|iPhone
		{225D9C58-8448-4679-B913-5B2B9AA5610D}.Release|x64.ActiveCfg = Release|iPhoneSimulator
		{225D9C58-8448-4679-B913-5B2B9AA5610D}.Release|x86.ActiveCfg = Release|iPhone
		{225D9C58-8448-4679-B913-5B2B9AA5610D}.Windows Debug|Any CPU.ActiveCfg = Release|iPhoneSimulator
		{225D9C58-8448-4679-B913-5B2B9AA5610D}.Windows Debug|Any CPU.Build.0 = Release|iPhoneSimulator
		{225D9C58-8448-4679-B913-5B2B9AA5610D}.Windows Debug|ARM.ActiveCfg = Release|iPhoneSimulator
		{225D9C58-8448-4679-B913-5B2B9AA5610D}.Windows Debug|ARM.Build.0 = Release|iPhoneSimulator
		{225D9C58-8448-4679-B913-5B2B9AA5610D}.Windows Debug|iPhone.ActiveCfg = Debug|iPhone
		{225D9C58-8448-4679-B913-5B2B9AA5610D}.Windows Debug|iPhone.Build.0 = Debug|iPhone
		{225D9C58-8448-4679-B913-5B2B9AA5610D}.Windows Debug|iPhoneSimulator.ActiveCfg = Debug|iPhoneSimulator
		{225D9C58-8448-4679-B913-5B2B9AA5610D}.Windows Debug|iPhoneSimulator.Build.0 = Debug|iPhoneSimulator
		{225D9C58-8448-4679-B913-5B2B9AA5610D}.Windows Debug|Mixed Platforms.ActiveCfg = Debug|iPhoneSimulator
		{225D9C58-8448-4679-B913-5B2B9AA5610D}.Windows Debug|Mixed Platforms.Build.0 = Debug|iPhoneSimulator
		{225D9C58-8448-4679-B913-5B2B9AA5610D}.Windows Debug|x64.ActiveCfg = Release|iPhoneSimulator
		{225D9C58-8448-4679-B913-5B2B9AA5610D}.Windows Debug|x64.Build.0 = Release|iPhoneSimulator
		{225D9C58-8448-4679-B913-5B2B9AA5610D}.Windows Debug|x86.ActiveCfg = Release|iPhoneSimulator
		{225D9C58-8448-4679-B913-5B2B9AA5610D}.Windows Debug|x86.Build.0 = Release|iPhoneSimulator
		{225D9C58-8448-4679-B913-5B2B9AA5610D}.Windows Release|Any CPU.ActiveCfg = Release|iPhoneSimulator
		{225D9C58-8448-4679-B913-5B2B9AA5610D}.Windows Release|Any CPU.Build.0 = Release|iPhoneSimulator
		{225D9C58-8448-4679-B913-5B2B9AA5610D}.Windows Release|ARM.ActiveCfg = Release|iPhoneSimulator
		{225D9C58-8448-4679-B913-5B2B9AA5610D}.Windows Release|ARM.Build.0 = Release|iPhoneSimulator
		{225D9C58-8448-4679-B913-5B2B9AA5610D}.Windows Release|iPhone.ActiveCfg = Release|iPhone
		{225D9C58-8448-4679-B913-5B2B9AA5610D}.Windows Release|iPhone.Build.0 = Release|iPhone
		{225D9C58-8448-4679-B913-5B2B9AA5610D}.Windows Release|iPhoneSimulator.ActiveCfg = Release|iPhoneSimulator
		{225D9C58-8448-4679-B913-5B2B9AA5610D}.Windows Release|iPhoneSimulator.Build.0 = Release|iPhoneSimulator
		{225D9C58-8448-4679-B913-5B2B9AA5610D}.Windows Release|Mixed Platforms.ActiveCfg = Release|iPhoneSimulator
		{225D9C58-8448-4679-B913-5B2B9AA5610D}.Windows Release|Mixed Platforms.Build.0 = Release|iPhoneSimulator
		{225D9C58-8448-4679-B913-5B2B9AA5610D}.Windows Release|x64.ActiveCfg = Release|iPhoneSimulator
		{225D9C58-8448-4679-B913-5B2B9AA5610D}.Windows Release|x64.Build.0 = Release|iPhoneSimulator
		{225D9C58-8448-4679-B913-5B2B9AA5610D}.Windows Release|x86.ActiveCfg = Release|iPhoneSimulator
		{225D9C58-8448-4679-B913-5B2B9AA5610D}.Windows Release|x86.Build.0 = Release|iPhoneSimulator
		{225D9C58-8448-4679-B913-5B2B9AA5610D}.Debug|Any CPU.Build.0 = Debug|iPhone
		{766ADA25-CDB0-4D50-9CC9-8D3043AA1316}.Ad-Hoc|Any CPU.ActiveCfg = Release|Any CPU
		{766ADA25-CDB0-4D50-9CC9-8D3043AA1316}.Ad-Hoc|Any CPU.Build.0 = Release|Any CPU
		{766ADA25-CDB0-4D50-9CC9-8D3043AA1316}.Ad-Hoc|Any CPU.Deploy.0 = Release|Any CPU
		{766ADA25-CDB0-4D50-9CC9-8D3043AA1316}.Ad-Hoc|ARM.ActiveCfg = Release|ARM
		{766ADA25-CDB0-4D50-9CC9-8D3043AA1316}.Ad-Hoc|ARM.Build.0 = Release|ARM
		{766ADA25-CDB0-4D50-9CC9-8D3043AA1316}.Ad-Hoc|ARM.Deploy.0 = Release|ARM
		{766ADA25-CDB0-4D50-9CC9-8D3043AA1316}.Ad-Hoc|iPhone.ActiveCfg = Release|Any CPU
		{766ADA25-CDB0-4D50-9CC9-8D3043AA1316}.Ad-Hoc|iPhoneSimulator.ActiveCfg = Release|Any CPU
		{766ADA25-CDB0-4D50-9CC9-8D3043AA1316}.Ad-Hoc|Mixed Platforms.ActiveCfg = Release|x86
		{766ADA25-CDB0-4D50-9CC9-8D3043AA1316}.Ad-Hoc|Mixed Platforms.Build.0 = Release|x86
		{766ADA25-CDB0-4D50-9CC9-8D3043AA1316}.Ad-Hoc|Mixed Platforms.Deploy.0 = Release|x86
		{766ADA25-CDB0-4D50-9CC9-8D3043AA1316}.Ad-Hoc|x64.ActiveCfg = Debug|Any CPU
		{766ADA25-CDB0-4D50-9CC9-8D3043AA1316}.Ad-Hoc|x86.ActiveCfg = Release|x86
		{766ADA25-CDB0-4D50-9CC9-8D3043AA1316}.Ad-Hoc|x86.Build.0 = Release|x86
		{766ADA25-CDB0-4D50-9CC9-8D3043AA1316}.Ad-Hoc|x86.Deploy.0 = Release|x86
		{766ADA25-CDB0-4D50-9CC9-8D3043AA1316}.AppStore|Any CPU.ActiveCfg = Release|Any CPU
		{766ADA25-CDB0-4D50-9CC9-8D3043AA1316}.AppStore|Any CPU.Build.0 = Release|Any CPU
		{766ADA25-CDB0-4D50-9CC9-8D3043AA1316}.AppStore|Any CPU.Deploy.0 = Release|Any CPU
		{766ADA25-CDB0-4D50-9CC9-8D3043AA1316}.AppStore|ARM.ActiveCfg = Release|ARM
		{766ADA25-CDB0-4D50-9CC9-8D3043AA1316}.AppStore|ARM.Build.0 = Release|ARM
		{766ADA25-CDB0-4D50-9CC9-8D3043AA1316}.AppStore|ARM.Deploy.0 = Release|ARM
		{766ADA25-CDB0-4D50-9CC9-8D3043AA1316}.AppStore|iPhone.ActiveCfg = Release|Any CPU
		{766ADA25-CDB0-4D50-9CC9-8D3043AA1316}.AppStore|iPhoneSimulator.ActiveCfg = Release|Any CPU
		{766ADA25-CDB0-4D50-9CC9-8D3043AA1316}.AppStore|Mixed Platforms.ActiveCfg = Release|x86
		{766ADA25-CDB0-4D50-9CC9-8D3043AA1316}.AppStore|Mixed Platforms.Build.0 = Release|x86
		{766ADA25-CDB0-4D50-9CC9-8D3043AA1316}.AppStore|Mixed Platforms.Deploy.0 = Release|x86
		{766ADA25-CDB0-4D50-9CC9-8D3043AA1316}.AppStore|x64.ActiveCfg = Debug|Any CPU
		{766ADA25-CDB0-4D50-9CC9-8D3043AA1316}.AppStore|x86.ActiveCfg = Release|x86
		{766ADA25-CDB0-4D50-9CC9-8D3043AA1316}.AppStore|x86.Build.0 = Release|x86
		{766ADA25-CDB0-4D50-9CC9-8D3043AA1316}.AppStore|x86.Deploy.0 = Release|x86
		{766ADA25-CDB0-4D50-9CC9-8D3043AA1316}.Debug|Any CPU.ActiveCfg = Debug|Any CPU
		{766ADA25-CDB0-4D50-9CC9-8D3043AA1316}.Debug|Any CPU.Build.0 = Debug|Any CPU
		{766ADA25-CDB0-4D50-9CC9-8D3043AA1316}.Debug|Any CPU.Deploy.0 = Debug|Any CPU
		{766ADA25-CDB0-4D50-9CC9-8D3043AA1316}.Debug|ARM.ActiveCfg = Debug|ARM
		{766ADA25-CDB0-4D50-9CC9-8D3043AA1316}.Debug|ARM.Build.0 = Debug|ARM
		{766ADA25-CDB0-4D50-9CC9-8D3043AA1316}.Debug|ARM.Deploy.0 = Debug|ARM
		{766ADA25-CDB0-4D50-9CC9-8D3043AA1316}.Debug|iPhone.ActiveCfg = Debug|Any CPU
		{766ADA25-CDB0-4D50-9CC9-8D3043AA1316}.Debug|iPhoneSimulator.ActiveCfg = Debug|Any CPU
		{766ADA25-CDB0-4D50-9CC9-8D3043AA1316}.Debug|Mixed Platforms.ActiveCfg = Debug|x86
		{766ADA25-CDB0-4D50-9CC9-8D3043AA1316}.Debug|Mixed Platforms.Build.0 = Debug|x86
		{766ADA25-CDB0-4D50-9CC9-8D3043AA1316}.Debug|Mixed Platforms.Deploy.0 = Debug|x86
		{766ADA25-CDB0-4D50-9CC9-8D3043AA1316}.Debug|x64.ActiveCfg = Debug|Any CPU
		{766ADA25-CDB0-4D50-9CC9-8D3043AA1316}.Debug|x86.ActiveCfg = Debug|x86
		{766ADA25-CDB0-4D50-9CC9-8D3043AA1316}.Debug|x86.Build.0 = Debug|x86
		{766ADA25-CDB0-4D50-9CC9-8D3043AA1316}.Debug|x86.Deploy.0 = Debug|x86
		{766ADA25-CDB0-4D50-9CC9-8D3043AA1316}.Release|Any CPU.ActiveCfg = Release|Any CPU
		{766ADA25-CDB0-4D50-9CC9-8D3043AA1316}.Release|Any CPU.Build.0 = Release|Any CPU
		{766ADA25-CDB0-4D50-9CC9-8D3043AA1316}.Release|Any CPU.Deploy.0 = Release|Any CPU
		{766ADA25-CDB0-4D50-9CC9-8D3043AA1316}.Release|ARM.ActiveCfg = Release|ARM
		{766ADA25-CDB0-4D50-9CC9-8D3043AA1316}.Release|ARM.Build.0 = Release|ARM
		{766ADA25-CDB0-4D50-9CC9-8D3043AA1316}.Release|ARM.Deploy.0 = Release|ARM
		{766ADA25-CDB0-4D50-9CC9-8D3043AA1316}.Release|iPhone.ActiveCfg = Release|Any CPU
		{766ADA25-CDB0-4D50-9CC9-8D3043AA1316}.Release|iPhoneSimulator.ActiveCfg = Release|Any CPU
		{766ADA25-CDB0-4D50-9CC9-8D3043AA1316}.Release|Mixed Platforms.ActiveCfg = Release|x86
		{766ADA25-CDB0-4D50-9CC9-8D3043AA1316}.Release|Mixed Platforms.Build.0 = Release|x86
		{766ADA25-CDB0-4D50-9CC9-8D3043AA1316}.Release|Mixed Platforms.Deploy.0 = Release|x86
		{766ADA25-CDB0-4D50-9CC9-8D3043AA1316}.Release|x64.ActiveCfg = Release|Any CPU
		{766ADA25-CDB0-4D50-9CC9-8D3043AA1316}.Release|x86.ActiveCfg = Release|x86
		{766ADA25-CDB0-4D50-9CC9-8D3043AA1316}.Release|x86.Build.0 = Release|x86
		{766ADA25-CDB0-4D50-9CC9-8D3043AA1316}.Release|x86.Deploy.0 = Release|x86
		{766ADA25-CDB0-4D50-9CC9-8D3043AA1316}.Windows Debug|Any CPU.ActiveCfg = Debug|Any CPU
		{766ADA25-CDB0-4D50-9CC9-8D3043AA1316}.Windows Debug|ARM.ActiveCfg = Debug|ARM
		{766ADA25-CDB0-4D50-9CC9-8D3043AA1316}.Windows Debug|iPhone.ActiveCfg = Debug|Any CPU
		{766ADA25-CDB0-4D50-9CC9-8D3043AA1316}.Windows Debug|iPhoneSimulator.ActiveCfg = Debug|Any CPU
		{766ADA25-CDB0-4D50-9CC9-8D3043AA1316}.Windows Debug|Mixed Platforms.ActiveCfg = Debug|x86
		{766ADA25-CDB0-4D50-9CC9-8D3043AA1316}.Windows Debug|x64.ActiveCfg = Debug|Any CPU
		{766ADA25-CDB0-4D50-9CC9-8D3043AA1316}.Windows Debug|x86.ActiveCfg = Debug|x86
		{766ADA25-CDB0-4D50-9CC9-8D3043AA1316}.Windows Release|Any CPU.ActiveCfg = Release|Any CPU
		{766ADA25-CDB0-4D50-9CC9-8D3043AA1316}.Windows Release|ARM.ActiveCfg = Release|ARM
		{766ADA25-CDB0-4D50-9CC9-8D3043AA1316}.Windows Release|iPhone.ActiveCfg = Release|Any CPU
		{766ADA25-CDB0-4D50-9CC9-8D3043AA1316}.Windows Release|iPhoneSimulator.ActiveCfg = Release|Any CPU
		{766ADA25-CDB0-4D50-9CC9-8D3043AA1316}.Windows Release|Mixed Platforms.ActiveCfg = Release|x86
		{766ADA25-CDB0-4D50-9CC9-8D3043AA1316}.Windows Release|x64.ActiveCfg = Release|Any CPU
		{766ADA25-CDB0-4D50-9CC9-8D3043AA1316}.Windows Release|x86.ActiveCfg = Release|x86
		{A1453CDF-52CC-4011-B68B-A903172A8DDE}.Ad-Hoc|Any CPU.ActiveCfg = Release|Any CPU
		{A1453CDF-52CC-4011-B68B-A903172A8DDE}.Ad-Hoc|Any CPU.Build.0 = Release|Any CPU
		{A1453CDF-52CC-4011-B68B-A903172A8DDE}.Ad-Hoc|ARM.ActiveCfg = Release|Any CPU
		{A1453CDF-52CC-4011-B68B-A903172A8DDE}.Ad-Hoc|iPhone.ActiveCfg = Release|Any CPU
		{A1453CDF-52CC-4011-B68B-A903172A8DDE}.Ad-Hoc|iPhone.Build.0 = Release|Any CPU
		{A1453CDF-52CC-4011-B68B-A903172A8DDE}.Ad-Hoc|iPhoneSimulator.ActiveCfg = Release|Any CPU
		{A1453CDF-52CC-4011-B68B-A903172A8DDE}.Ad-Hoc|iPhoneSimulator.Build.0 = Release|Any CPU
		{A1453CDF-52CC-4011-B68B-A903172A8DDE}.Ad-Hoc|Mixed Platforms.ActiveCfg = Release|Any CPU
		{A1453CDF-52CC-4011-B68B-A903172A8DDE}.Ad-Hoc|Mixed Platforms.Build.0 = Release|Any CPU
		{A1453CDF-52CC-4011-B68B-A903172A8DDE}.Ad-Hoc|x64.ActiveCfg = Debug|Any CPU
		{A1453CDF-52CC-4011-B68B-A903172A8DDE}.Ad-Hoc|x64.Build.0 = Debug|Any CPU
		{A1453CDF-52CC-4011-B68B-A903172A8DDE}.Ad-Hoc|x86.ActiveCfg = Release|Any CPU
		{A1453CDF-52CC-4011-B68B-A903172A8DDE}.AppStore|Any CPU.ActiveCfg = Release|Any CPU
		{A1453CDF-52CC-4011-B68B-A903172A8DDE}.AppStore|Any CPU.Build.0 = Release|Any CPU
		{A1453CDF-52CC-4011-B68B-A903172A8DDE}.AppStore|ARM.ActiveCfg = Release|Any CPU
		{A1453CDF-52CC-4011-B68B-A903172A8DDE}.AppStore|iPhone.ActiveCfg = Release|Any CPU
		{A1453CDF-52CC-4011-B68B-A903172A8DDE}.AppStore|iPhone.Build.0 = Release|Any CPU
		{A1453CDF-52CC-4011-B68B-A903172A8DDE}.AppStore|iPhoneSimulator.ActiveCfg = Release|Any CPU
		{A1453CDF-52CC-4011-B68B-A903172A8DDE}.AppStore|iPhoneSimulator.Build.0 = Release|Any CPU
		{A1453CDF-52CC-4011-B68B-A903172A8DDE}.AppStore|Mixed Platforms.ActiveCfg = Release|Any CPU
		{A1453CDF-52CC-4011-B68B-A903172A8DDE}.AppStore|Mixed Platforms.Build.0 = Release|Any CPU
		{A1453CDF-52CC-4011-B68B-A903172A8DDE}.AppStore|x64.ActiveCfg = Debug|Any CPU
		{A1453CDF-52CC-4011-B68B-A903172A8DDE}.AppStore|x64.Build.0 = Debug|Any CPU
		{A1453CDF-52CC-4011-B68B-A903172A8DDE}.AppStore|x86.ActiveCfg = Release|Any CPU
		{A1453CDF-52CC-4011-B68B-A903172A8DDE}.Debug|Any CPU.ActiveCfg = Debug|Any CPU
		{A1453CDF-52CC-4011-B68B-A903172A8DDE}.Debug|Any CPU.Build.0 = Debug|Any CPU
		{A1453CDF-52CC-4011-B68B-A903172A8DDE}.Debug|ARM.ActiveCfg = Debug|Any CPU
		{A1453CDF-52CC-4011-B68B-A903172A8DDE}.Debug|iPhone.ActiveCfg = Debug|Any CPU
		{A1453CDF-52CC-4011-B68B-A903172A8DDE}.Debug|iPhone.Build.0 = Debug|Any CPU
		{A1453CDF-52CC-4011-B68B-A903172A8DDE}.Debug|iPhoneSimulator.ActiveCfg = Debug|Any CPU
		{A1453CDF-52CC-4011-B68B-A903172A8DDE}.Debug|iPhoneSimulator.Build.0 = Debug|Any CPU
		{A1453CDF-52CC-4011-B68B-A903172A8DDE}.Debug|Mixed Platforms.ActiveCfg = Debug|Any CPU
		{A1453CDF-52CC-4011-B68B-A903172A8DDE}.Debug|Mixed Platforms.Build.0 = Debug|Any CPU
		{A1453CDF-52CC-4011-B68B-A903172A8DDE}.Debug|x64.ActiveCfg = Debug|Any CPU
		{A1453CDF-52CC-4011-B68B-A903172A8DDE}.Debug|x64.Build.0 = Debug|Any CPU
		{A1453CDF-52CC-4011-B68B-A903172A8DDE}.Debug|x86.ActiveCfg = Debug|Any CPU
		{A1453CDF-52CC-4011-B68B-A903172A8DDE}.Release|Any CPU.ActiveCfg = Release|Any CPU
		{A1453CDF-52CC-4011-B68B-A903172A8DDE}.Release|Any CPU.Build.0 = Release|Any CPU
		{A1453CDF-52CC-4011-B68B-A903172A8DDE}.Release|ARM.ActiveCfg = Release|Any CPU
		{A1453CDF-52CC-4011-B68B-A903172A8DDE}.Release|iPhone.ActiveCfg = Release|Any CPU
		{A1453CDF-52CC-4011-B68B-A903172A8DDE}.Release|iPhone.Build.0 = Release|Any CPU
		{A1453CDF-52CC-4011-B68B-A903172A8DDE}.Release|iPhoneSimulator.ActiveCfg = Release|Any CPU
		{A1453CDF-52CC-4011-B68B-A903172A8DDE}.Release|iPhoneSimulator.Build.0 = Release|Any CPU
		{A1453CDF-52CC-4011-B68B-A903172A8DDE}.Release|Mixed Platforms.ActiveCfg = Release|Any CPU
		{A1453CDF-52CC-4011-B68B-A903172A8DDE}.Release|Mixed Platforms.Build.0 = Release|Any CPU
		{A1453CDF-52CC-4011-B68B-A903172A8DDE}.Release|x64.ActiveCfg = Release|Any CPU
		{A1453CDF-52CC-4011-B68B-A903172A8DDE}.Release|x64.Build.0 = Release|Any CPU
		{A1453CDF-52CC-4011-B68B-A903172A8DDE}.Release|x86.ActiveCfg = Release|Any CPU
		{A1453CDF-52CC-4011-B68B-A903172A8DDE}.Windows Debug|Any CPU.ActiveCfg = Debug|Any CPU
		{A1453CDF-52CC-4011-B68B-A903172A8DDE}.Windows Debug|Any CPU.Build.0 = Debug|Any CPU
		{A1453CDF-52CC-4011-B68B-A903172A8DDE}.Windows Debug|ARM.ActiveCfg = Debug|Any CPU
		{A1453CDF-52CC-4011-B68B-A903172A8DDE}.Windows Debug|ARM.Build.0 = Debug|Any CPU
		{A1453CDF-52CC-4011-B68B-A903172A8DDE}.Windows Debug|iPhone.ActiveCfg = Debug|Any CPU
		{A1453CDF-52CC-4011-B68B-A903172A8DDE}.Windows Debug|iPhone.Build.0 = Debug|Any CPU
		{A1453CDF-52CC-4011-B68B-A903172A8DDE}.Windows Debug|iPhoneSimulator.ActiveCfg = Debug|Any CPU
		{A1453CDF-52CC-4011-B68B-A903172A8DDE}.Windows Debug|iPhoneSimulator.Build.0 = Debug|Any CPU
		{A1453CDF-52CC-4011-B68B-A903172A8DDE}.Windows Debug|Mixed Platforms.ActiveCfg = Debug|Any CPU
		{A1453CDF-52CC-4011-B68B-A903172A8DDE}.Windows Debug|Mixed Platforms.Build.0 = Debug|Any CPU
		{A1453CDF-52CC-4011-B68B-A903172A8DDE}.Windows Debug|x64.ActiveCfg = Debug|Any CPU
		{A1453CDF-52CC-4011-B68B-A903172A8DDE}.Windows Debug|x64.Build.0 = Debug|Any CPU
		{A1453CDF-52CC-4011-B68B-A903172A8DDE}.Windows Debug|x86.ActiveCfg = Debug|Any CPU
		{A1453CDF-52CC-4011-B68B-A903172A8DDE}.Windows Debug|x86.Build.0 = Debug|Any CPU
		{A1453CDF-52CC-4011-B68B-A903172A8DDE}.Windows Release|Any CPU.ActiveCfg = Release|Any CPU
		{A1453CDF-52CC-4011-B68B-A903172A8DDE}.Windows Release|Any CPU.Build.0 = Release|Any CPU
		{A1453CDF-52CC-4011-B68B-A903172A8DDE}.Windows Release|ARM.ActiveCfg = Release|Any CPU
		{A1453CDF-52CC-4011-B68B-A903172A8DDE}.Windows Release|ARM.Build.0 = Release|Any CPU
		{A1453CDF-52CC-4011-B68B-A903172A8DDE}.Windows Release|iPhone.ActiveCfg = Release|Any CPU
		{A1453CDF-52CC-4011-B68B-A903172A8DDE}.Windows Release|iPhone.Build.0 = Release|Any CPU
		{A1453CDF-52CC-4011-B68B-A903172A8DDE}.Windows Release|iPhoneSimulator.ActiveCfg = Release|Any CPU
		{A1453CDF-52CC-4011-B68B-A903172A8DDE}.Windows Release|iPhoneSimulator.Build.0 = Release|Any CPU
		{A1453CDF-52CC-4011-B68B-A903172A8DDE}.Windows Release|Mixed Platforms.ActiveCfg = Release|Any CPU
		{A1453CDF-52CC-4011-B68B-A903172A8DDE}.Windows Release|Mixed Platforms.Build.0 = Release|Any CPU
		{A1453CDF-52CC-4011-B68B-A903172A8DDE}.Windows Release|x64.ActiveCfg = Release|Any CPU
		{A1453CDF-52CC-4011-B68B-A903172A8DDE}.Windows Release|x64.Build.0 = Release|Any CPU
		{A1453CDF-52CC-4011-B68B-A903172A8DDE}.Windows Release|x86.ActiveCfg = Release|Any CPU
		{A1453CDF-52CC-4011-B68B-A903172A8DDE}.Windows Release|x86.Build.0 = Release|Any CPU
		{233CA748-1701-47EB-B5E6-87E8E495122A}.Ad-Hoc|Any CPU.ActiveCfg = Release|Any CPU
		{233CA748-1701-47EB-B5E6-87E8E495122A}.Ad-Hoc|Any CPU.Build.0 = Release|Any CPU
		{233CA748-1701-47EB-B5E6-87E8E495122A}.Ad-Hoc|ARM.ActiveCfg = Release|Any CPU
		{233CA748-1701-47EB-B5E6-87E8E495122A}.Ad-Hoc|ARM.Build.0 = Release|Any CPU
		{233CA748-1701-47EB-B5E6-87E8E495122A}.Ad-Hoc|iPhone.ActiveCfg = Release|Any CPU
		{233CA748-1701-47EB-B5E6-87E8E495122A}.Ad-Hoc|iPhone.Build.0 = Release|Any CPU
		{233CA748-1701-47EB-B5E6-87E8E495122A}.Ad-Hoc|iPhoneSimulator.ActiveCfg = Release|Any CPU
		{233CA748-1701-47EB-B5E6-87E8E495122A}.Ad-Hoc|iPhoneSimulator.Build.0 = Release|Any CPU
		{233CA748-1701-47EB-B5E6-87E8E495122A}.Ad-Hoc|Mixed Platforms.ActiveCfg = Release|Any CPU
		{233CA748-1701-47EB-B5E6-87E8E495122A}.Ad-Hoc|Mixed Platforms.Build.0 = Release|Any CPU
		{233CA748-1701-47EB-B5E6-87E8E495122A}.Ad-Hoc|x64.ActiveCfg = Release|Any CPU
		{233CA748-1701-47EB-B5E6-87E8E495122A}.Ad-Hoc|x64.Build.0 = Release|Any CPU
		{233CA748-1701-47EB-B5E6-87E8E495122A}.Ad-Hoc|x86.ActiveCfg = Release|Any CPU
		{233CA748-1701-47EB-B5E6-87E8E495122A}.Ad-Hoc|x86.Build.0 = Release|Any CPU
		{233CA748-1701-47EB-B5E6-87E8E495122A}.AppStore|Any CPU.ActiveCfg = Release|Any CPU
		{233CA748-1701-47EB-B5E6-87E8E495122A}.AppStore|Any CPU.Build.0 = Release|Any CPU
		{233CA748-1701-47EB-B5E6-87E8E495122A}.AppStore|ARM.ActiveCfg = Release|Any CPU
		{233CA748-1701-47EB-B5E6-87E8E495122A}.AppStore|ARM.Build.0 = Release|Any CPU
		{233CA748-1701-47EB-B5E6-87E8E495122A}.AppStore|iPhone.ActiveCfg = Release|Any CPU
		{233CA748-1701-47EB-B5E6-87E8E495122A}.AppStore|iPhone.Build.0 = Release|Any CPU
		{233CA748-1701-47EB-B5E6-87E8E495122A}.AppStore|iPhoneSimulator.ActiveCfg = Release|Any CPU
		{233CA748-1701-47EB-B5E6-87E8E495122A}.AppStore|iPhoneSimulator.Build.0 = Release|Any CPU
		{233CA748-1701-47EB-B5E6-87E8E495122A}.AppStore|Mixed Platforms.ActiveCfg = Release|Any CPU
		{233CA748-1701-47EB-B5E6-87E8E495122A}.AppStore|Mixed Platforms.Build.0 = Release|Any CPU
		{233CA748-1701-47EB-B5E6-87E8E495122A}.AppStore|x64.ActiveCfg = Release|Any CPU
		{233CA748-1701-47EB-B5E6-87E8E495122A}.AppStore|x64.Build.0 = Release|Any CPU
		{233CA748-1701-47EB-B5E6-87E8E495122A}.AppStore|x86.ActiveCfg = Release|Any CPU
		{233CA748-1701-47EB-B5E6-87E8E495122A}.AppStore|x86.Build.0 = Release|Any CPU
		{233CA748-1701-47EB-B5E6-87E8E495122A}.Debug|Any CPU.ActiveCfg = Debug|Any CPU
		{233CA748-1701-47EB-B5E6-87E8E495122A}.Debug|Any CPU.Build.0 = Debug|Any CPU
		{233CA748-1701-47EB-B5E6-87E8E495122A}.Debug|ARM.ActiveCfg = Debug|Any CPU
		{233CA748-1701-47EB-B5E6-87E8E495122A}.Debug|ARM.Build.0 = Debug|Any CPU
		{233CA748-1701-47EB-B5E6-87E8E495122A}.Debug|iPhone.ActiveCfg = Debug|Any CPU
		{233CA748-1701-47EB-B5E6-87E8E495122A}.Debug|iPhone.Build.0 = Debug|Any CPU
		{233CA748-1701-47EB-B5E6-87E8E495122A}.Debug|iPhoneSimulator.ActiveCfg = Debug|Any CPU
		{233CA748-1701-47EB-B5E6-87E8E495122A}.Debug|Mixed Platforms.ActiveCfg = Debug|Any CPU
		{233CA748-1701-47EB-B5E6-87E8E495122A}.Debug|Mixed Platforms.Build.0 = Debug|Any CPU
		{233CA748-1701-47EB-B5E6-87E8E495122A}.Debug|x64.ActiveCfg = Debug|Any CPU
		{233CA748-1701-47EB-B5E6-87E8E495122A}.Debug|x64.Build.0 = Debug|Any CPU
		{233CA748-1701-47EB-B5E6-87E8E495122A}.Debug|x86.ActiveCfg = Debug|Any CPU
		{233CA748-1701-47EB-B5E6-87E8E495122A}.Debug|x86.Build.0 = Debug|Any CPU
		{233CA748-1701-47EB-B5E6-87E8E495122A}.Release|Any CPU.ActiveCfg = Release|Any CPU
		{233CA748-1701-47EB-B5E6-87E8E495122A}.Release|Any CPU.Build.0 = Release|Any CPU
		{233CA748-1701-47EB-B5E6-87E8E495122A}.Release|ARM.ActiveCfg = Release|Any CPU
		{233CA748-1701-47EB-B5E6-87E8E495122A}.Release|ARM.Build.0 = Release|Any CPU
		{233CA748-1701-47EB-B5E6-87E8E495122A}.Release|iPhone.ActiveCfg = Release|Any CPU
		{233CA748-1701-47EB-B5E6-87E8E495122A}.Release|iPhone.Build.0 = Release|Any CPU
		{233CA748-1701-47EB-B5E6-87E8E495122A}.Release|iPhoneSimulator.ActiveCfg = Release|Any CPU
		{233CA748-1701-47EB-B5E6-87E8E495122A}.Release|iPhoneSimulator.Build.0 = Release|Any CPU
		{233CA748-1701-47EB-B5E6-87E8E495122A}.Release|Mixed Platforms.ActiveCfg = Release|Any CPU
		{233CA748-1701-47EB-B5E6-87E8E495122A}.Release|Mixed Platforms.Build.0 = Release|Any CPU
		{233CA748-1701-47EB-B5E6-87E8E495122A}.Release|x64.ActiveCfg = Release|Any CPU
		{233CA748-1701-47EB-B5E6-87E8E495122A}.Release|x64.Build.0 = Release|Any CPU
		{233CA748-1701-47EB-B5E6-87E8E495122A}.Release|x86.ActiveCfg = Release|Any CPU
		{233CA748-1701-47EB-B5E6-87E8E495122A}.Release|x86.Build.0 = Release|Any CPU
		{233CA748-1701-47EB-B5E6-87E8E495122A}.Windows Debug|Any CPU.ActiveCfg = Debug|Any CPU
		{233CA748-1701-47EB-B5E6-87E8E495122A}.Windows Debug|Any CPU.Build.0 = Debug|Any CPU
		{233CA748-1701-47EB-B5E6-87E8E495122A}.Windows Debug|ARM.ActiveCfg = Debug|Any CPU
		{233CA748-1701-47EB-B5E6-87E8E495122A}.Windows Debug|ARM.Build.0 = Debug|Any CPU
		{233CA748-1701-47EB-B5E6-87E8E495122A}.Windows Debug|iPhone.ActiveCfg = Debug|Any CPU
		{233CA748-1701-47EB-B5E6-87E8E495122A}.Windows Debug|iPhone.Build.0 = Debug|Any CPU
		{233CA748-1701-47EB-B5E6-87E8E495122A}.Windows Debug|iPhoneSimulator.ActiveCfg = Debug|Any CPU
		{233CA748-1701-47EB-B5E6-87E8E495122A}.Windows Debug|iPhoneSimulator.Build.0 = Debug|Any CPU
		{233CA748-1701-47EB-B5E6-87E8E495122A}.Windows Debug|Mixed Platforms.ActiveCfg = Debug|Any CPU
		{233CA748-1701-47EB-B5E6-87E8E495122A}.Windows Debug|Mixed Platforms.Build.0 = Debug|Any CPU
		{233CA748-1701-47EB-B5E6-87E8E495122A}.Windows Debug|x64.ActiveCfg = Debug|Any CPU
		{233CA748-1701-47EB-B5E6-87E8E495122A}.Windows Debug|x64.Build.0 = Debug|Any CPU
		{233CA748-1701-47EB-B5E6-87E8E495122A}.Windows Debug|x86.ActiveCfg = Debug|Any CPU
		{233CA748-1701-47EB-B5E6-87E8E495122A}.Windows Debug|x86.Build.0 = Debug|Any CPU
		{233CA748-1701-47EB-B5E6-87E8E495122A}.Windows Release|Any CPU.ActiveCfg = Release|Any CPU
		{233CA748-1701-47EB-B5E6-87E8E495122A}.Windows Release|Any CPU.Build.0 = Release|Any CPU
		{233CA748-1701-47EB-B5E6-87E8E495122A}.Windows Release|ARM.ActiveCfg = Release|Any CPU
		{233CA748-1701-47EB-B5E6-87E8E495122A}.Windows Release|ARM.Build.0 = Release|Any CPU
		{233CA748-1701-47EB-B5E6-87E8E495122A}.Windows Release|iPhone.ActiveCfg = Release|Any CPU
		{233CA748-1701-47EB-B5E6-87E8E495122A}.Windows Release|iPhone.Build.0 = Release|Any CPU
		{233CA748-1701-47EB-B5E6-87E8E495122A}.Windows Release|iPhoneSimulator.ActiveCfg = Release|Any CPU
		{233CA748-1701-47EB-B5E6-87E8E495122A}.Windows Release|iPhoneSimulator.Build.0 = Release|Any CPU
		{233CA748-1701-47EB-B5E6-87E8E495122A}.Windows Release|Mixed Platforms.ActiveCfg = Release|Any CPU
		{233CA748-1701-47EB-B5E6-87E8E495122A}.Windows Release|Mixed Platforms.Build.0 = Release|Any CPU
		{233CA748-1701-47EB-B5E6-87E8E495122A}.Windows Release|x64.ActiveCfg = Release|Any CPU
		{233CA748-1701-47EB-B5E6-87E8E495122A}.Windows Release|x64.Build.0 = Release|Any CPU
		{233CA748-1701-47EB-B5E6-87E8E495122A}.Windows Release|x86.ActiveCfg = Release|Any CPU
		{233CA748-1701-47EB-B5E6-87E8E495122A}.Windows Release|x86.Build.0 = Release|Any CPU
	EndGlobalSection
	GlobalSection(SolutionProperties) = preSolution
		HideSolutionNode = FALSE
	EndGlobalSection
EndGlobal
